<?xml version="1.0" encoding="utf-8"?>
<Project ToolsVersion="4.0" xmlns="http://schemas.microsoft.com/developer/msbuild/2003">
  <ItemGroup>
    <Filter Include="gtest">
      <UniqueIdentifier>{57288e45-7f9f-4bf5-b21e-db642d5224d4}</UniqueIdentifier>
    </Filter>
    <Filter Include="src">
      <UniqueIdentifier>{4FC737F1-C7A5-4376-A066-2A32D752A2FF}</UniqueIdentifier>
      <Extensions>cpp;c;cc;cxx;def;odl;idl;hpj;bat;asm;asmx</Extensions>
    </Filter>
    <Filter Include="tests">
      <UniqueIdentifier>{77a35771-ddf8-4898-96dc-33746cb16b49}</UniqueIdentifier>
    </Filter>
  </ItemGroup>
  <ItemGroup>
    <ClCompile Include="..\..\gtest\src\gtest-all.cc">
      <Filter>gtest</Filter>
    </ClCompile>
    <ClCompile Include="src\pch.cpp">
      <Filter>src</Filter>
    </ClCompile>
    <ClCompile Include="src\xiyue_test.cpp">
      <Filter>src</Filter>
    </ClCompile>
    <ClCompile Include="tests\log_system_unittest.cpp">
      <Filter>tests</Filter>
    </ClCompile>
    <ClCompile Include="tests\const_string_unittest.cpp">
      <Filter>tests</Filter>
    </ClCompile>
    <ClCompile Include="tests\json_object_unittest.cpp">
      <Filter>tests</Filter>
    </ClCompile>
    <ClCompile Include="tests\json_document_unittest.cpp">
      <Filter>tests</Filter>
    </ClCompile>
    <ClCompile Include="tests\json_dumper_unittest.cpp">
      <Filter>tests</Filter>
    </ClCompile>
    <ClCompile Include="tests\variant_unittest.cpp">
      <Filter>tests</Filter>
    </ClCompile>
    <ClCompile Include="tests\xy_re_match_length_calculator_uinttest.cpp">
      <Filter>tests</Filter>
    </ClCompile>
    <ClCompile Include="tests\xy_re_parser_unittest.cpp">
      <Filter>tests</Filter>
    </ClCompile>
    <ClCompile Include="tests\xy_re_program_builder_unittest.cpp">
      <Filter>tests</Filter>
    </ClCompile>
    <ClCompile Include="tests\xy_re_unittest.cpp">
      <Filter>tests</Filter>
    </ClCompile>
  </ItemGroup>
  <ItemGroup>
    <ClInclude Include="src\pch.h">
      <Filter>src</Filter>
    </ClInclude>
  </ItemGroup>
</Project>